
Microsoft Visual Studio Solution File, Format Version 12.00
# Visual Studio Version 16
VisualStudioVersion = 16.0.30517.126
MinimumVisualStudioVersion = 10.0.40219.1
Project("{FAE04EC0-301F-11D3-BF4B-00C04F79EFBC}") = "WebAPIForSchool", "WebAPIForSchool\WebAPIForSchool.csproj", "{A0422FF0-104E-4F7B-8698-16FE92D31AF3}"
EndProject
Global
	GlobalSection(SolutionConfigurationPlatforms) = preSolution
		Debug|Any CPU = Debug|Any CPU
		Release|Any CPU = Release|Any CPU
	EndGlobalSection
	GlobalSection(ProjectConfigurationPlatforms) = postSolution
		{A0422FF0-104E-4F7B-8698-16FE92D31AF3}.Debug|Any CPU.ActiveCfg = Debug|Any CPU
		{A0422FF0-104E-4F7B-8698-16FE92D31AF3}.Debug|Any CPU.Build.0 = Debug|Any CPU
		{A0422FF0-104E-4F7B-8698-16FE92D31AF3}.Release|Any CPU.ActiveCfg = Release|Any CPU
		{A0422FF0-104E-4F7B-8698-16FE92D31AF3}.Release|Any CPU.Build.0 = Release|Any CPU
	EndGlobalSection
	GlobalSection(SolutionProperties) = preSolution
		HideSolutionNode = FALSE
	EndGlobalSection
	GlobalSection(ExtensibilityGlobals) = postSolution
		SolutionGuid = {06CE9A18-6ADB-4395-BC2F-C4B874D0A216}
	EndGlobalSection
EndGlobal
